
Microsoft Visual Studio Solution File, Format Version 12.00
# Visual Studio 2013
VisualStudioVersion = 12.0.21005.1
MinimumVisualStudioVersion = 10.0.40219.1
Project("{FAE04EC0-301F-11D3-BF4B-00C04F79EFBC}") = "LabTest1QS_B", "LabTest1QS_B\LabTest1QS_B.csproj", "{55C616F1-FB40-4E19-8B8D-A1E33BF07E3B}"
EndProject
Global
	GlobalSection(SolutionConfigurationPlatforms) = preSolution
		Debug|Any CPU = Debug|Any CPU
		Release|Any CPU = Release|Any CPU
	EndGlobalSection
	GlobalSection(ProjectConfigurationPlatforms) = postSolution
		{55C616F1-FB40-4E19-8B8D-A1E33BF07E3B}.Debug|Any CPU.ActiveCfg = Debug|Any CPU
		{55C616F1-FB40-4E19-8B8D-A1E33BF07E3B}.Debug|Any CPU.Build.0 = Debug|Any CPU
		{55C616F1-FB40-4E19-8B8D-A1E33BF07E3B}.Release|Any CPU.ActiveCfg = Release|Any CPU
		{55C616F1-FB40-4E19-8B8D-A1E33BF07E3B}.Release|Any CPU.Build.0 = Release|Any CPU
	EndGlobalSection
	GlobalSection(SolutionProperties) = preSolution
		HideSolutionNode = FALSE
	EndGlobalSection
EndGlobal
